{
    "_meta": {
        "hash": {
            "sha256": "e9f1dca1773d416064c650630b11eb13b80d42b50190440d74401e3d281cead9"
        },
        "pipfile-spec": 6,
        "requires": {
            "python_version": "3.8"
        },
        "sources": [
            {
                "name": "pypi",
                "url": "https://pypi.org/simple",
                "verify_ssl": true
            }
        ]
    },
    "default": {
        "dynaconf": {
            "hashes": [
                "sha256:9914ada84c209479b7235548c846bb3c6d82a72e57b833c0cff0178f52f2d229",
                "sha256:c5866c43fa9073f342a2b0b840e44247b5363426dff4c4ab9bdd668448a28bd6"
            ],
            "index": "pypi",
            "version": "==3.1.0"
        }
    },
    "develop": {}
}
